
Microsoft Visual Studio Solution File, Format Version 12.00
# Visual Studio Version 17
VisualStudioVersion = 17.8.34322.80
MinimumVisualStudioVersion = 10.0.40219.1
Project("{FAE04EC0-301F-11D3-BF4B-00C04F79EFBC}") = "trieudth", "trieudth.csproj", "{1CEF3E4F-64E0-43B1-85A1-F6611C871847}"
EndProject
Global
	GlobalSection(SolutionConfigurationPlatforms) = preSolution
		Debug|Any CPU = Debug|Any CPU
		Release|Any CPU = Release|Any CPU
	EndGlobalSection
	GlobalSection(ProjectConfigurationPlatforms) = postSolution
		{1CEF3E4F-64E0-43B1-85A1-F6611C871847}.Debug|Any CPU.ActiveCfg = Debug|Any CPU
		{1CEF3E4F-64E0-43B1-85A1-F6611C871847}.Debug|Any CPU.Build.0 = Debug|Any CPU
		{1CEF3E4F-64E0-43B1-85A1-F6611C871847}.Release|Any CPU.ActiveCfg = Release|Any CPU
		{1CEF3E4F-64E0-43B1-85A1-F6611C871847}.Release|Any CPU.Build.0 = Release|Any CPU
	EndGlobalSection
	GlobalSection(SolutionProperties) = preSolution
		HideSolutionNode = FALSE
	EndGlobalSection
	GlobalSection(ExtensibilityGlobals) = postSolution
		SolutionGuid = {D4E1F4DA-7079-4025-B8DF-AC01D1F76379}
	EndGlobalSection
EndGlobal
